
Microsoft Visual Studio Solution File, Format Version 12.00
# Visual Studio Version 17
VisualStudioVersion = 17.0.31903.59
MinimumVisualStudioVersion = 10.0.40219.1
Project("{2150E333-8FDC-42A3-9474-1A3956D46DE8}") = "src", "src", "{C3EBE01A-EDA6-4C6E-A1B6-8CD5918DF276}"
EndProject
Project("{FAE04EC0-301F-11D3-BF4B-00C04F79EFBC}") = "Todo.Api", "src\api\Todo.Api.csproj", "{DC2F55C3-598C-4E2C-AF37-7F45BD50CC38}"
EndProject
Project("{FAE04EC0-301F-11D3-BF4B-00C04F79EFBC}") = "Todo.Backend", "src\backend\Todo.Backend.csproj", "{B85AB911-0242-4CC5-80F3-94A66158D2D4}"
EndProject
Global
	GlobalSection(SolutionConfigurationPlatforms) = preSolution
		Debug|Any CPU = Debug|Any CPU
		Release|Any CPU = Release|Any CPU
	EndGlobalSection
	GlobalSection(SolutionProperties) = preSolution
		HideSolutionNode = FALSE
	EndGlobalSection
	GlobalSection(ProjectConfigurationPlatforms) = postSolution
		{DC2F55C3-598C-4E2C-AF37-7F45BD50CC38}.Debug|Any CPU.ActiveCfg = Debug|Any CPU
		{DC2F55C3-598C-4E2C-AF37-7F45BD50CC38}.Debug|Any CPU.Build.0 = Debug|Any CPU
		{DC2F55C3-598C-4E2C-AF37-7F45BD50CC38}.Release|Any CPU.ActiveCfg = Release|Any CPU
		{DC2F55C3-598C-4E2C-AF37-7F45BD50CC38}.Release|Any CPU.Build.0 = Release|Any CPU
		{B85AB911-0242-4CC5-80F3-94A66158D2D4}.Debug|Any CPU.ActiveCfg = Debug|Any CPU
		{B85AB911-0242-4CC5-80F3-94A66158D2D4}.Debug|Any CPU.Build.0 = Debug|Any CPU
		{B85AB911-0242-4CC5-80F3-94A66158D2D4}.Release|Any CPU.ActiveCfg = Release|Any CPU
		{B85AB911-0242-4CC5-80F3-94A66158D2D4}.Release|Any CPU.Build.0 = Release|Any CPU
	EndGlobalSection
	GlobalSection(NestedProjects) = preSolution
		{DC2F55C3-598C-4E2C-AF37-7F45BD50CC38} = {C3EBE01A-EDA6-4C6E-A1B6-8CD5918DF276}
		{B85AB911-0242-4CC5-80F3-94A66158D2D4} = {C3EBE01A-EDA6-4C6E-A1B6-8CD5918DF276}
	EndGlobalSection
EndGlobal
